
Microsoft Visual Studio Solution File, Format Version 12.00
# Visual Studio Version 17
VisualStudioVersion = 17.13.35931.197 d17.13
MinimumVisualStudioVersion = 10.0.40219.1
Project("{FAE04EC0-301F-11D3-BF4B-00C04F79EFBC}") = "LINQ", "LINQ\LINQ.csproj", "{D9201932-4596-4C91-A354-57AF05AB12CB}"
EndProject
Global
	GlobalSection(SolutionConfigurationPlatforms) = preSolution
		Debug|Any CPU = Debug|Any CPU
		Release|Any CPU = Release|Any CPU
	EndGlobalSection
	GlobalSection(ProjectConfigurationPlatforms) = postSolution
		{D9201932-4596-4C91-A354-57AF05AB12CB}.Debug|Any CPU.ActiveCfg = Debug|Any CPU
		{D9201932-4596-4C91-A354-57AF05AB12CB}.Debug|Any CPU.Build.0 = Debug|Any CPU
		{D9201932-4596-4C91-A354-57AF05AB12CB}.Release|Any CPU.ActiveCfg = Release|Any CPU
		{D9201932-4596-4C91-A354-57AF05AB12CB}.Release|Any CPU.Build.0 = Release|Any CPU
	EndGlobalSection
	GlobalSection(SolutionProperties) = preSolution
		HideSolutionNode = FALSE
	EndGlobalSection
	GlobalSection(ExtensibilityGlobals) = postSolution
		SolutionGuid = {791F4910-E513-4034-9B9B-96EEF6907C73}
	EndGlobalSection
EndGlobal
